
Microsoft Visual Studio Solution File, Format Version 12.00
# Visual Studio Version 17
VisualStudioVersion = 17.9.34728.123
MinimumVisualStudioVersion = 10.0.40219.1
Project("{FAE04EC0-301F-11D3-BF4B-00C04F79EFBC}") = "PersonDirectory.Api", "PersonDirectory.Api\PersonDirectory.Api.csproj", "{3871423D-7F5F-44E8-B6D7-0BDC882F49F1}"
EndProject
Project("{FAE04EC0-301F-11D3-BF4B-00C04F79EFBC}") = "PersonDirectory.Shared", "PersonDirectory.Shared\PersonDirectory.Shared.csproj", "{7E0AC318-2A8D-4EF3-A877-6591F7D75546}"
EndProject
Project("{FAE04EC0-301F-11D3-BF4B-00C04F79EFBC}") = "PersonDirectory.Application", "PersonDirectory.Application\PersonDirectory.Application.csproj", "{D47CA73B-07F7-446D-AF2B-2B396F107061}"
EndProject
Project("{FAE04EC0-301F-11D3-BF4B-00C04F79EFBC}") = "PersonDirectory.DI", "PersonDirectory.DI\PersonDirectory.DI.csproj", "{4FE7261B-2F9A-44E4-B39C-20300528081F}"
EndProject
Project("{FAE04EC0-301F-11D3-BF4B-00C04F79EFBC}") = "PersonDirectory.Infrastructure", "PersonDirectory.Infrastructure\PersonDirectory.Infrastructure.csproj", "{81C364D5-4088-4AC5-9D8C-BEEA8607C118}"
EndProject
Project("{FAE04EC0-301F-11D3-BF4B-00C04F79EFBC}") = "PersonDirectory.Domain", "PersonDirectory.Domain\PersonDirectory.Domain.csproj", "{D060948D-A0C4-4B6F-8433-71654D4E75B2}"
EndProject
Global
	GlobalSection(SolutionConfigurationPlatforms) = preSolution
		Debug|Any CPU = Debug|Any CPU
		Release|Any CPU = Release|Any CPU
	EndGlobalSection
	GlobalSection(ProjectConfigurationPlatforms) = postSolution
		{3871423D-7F5F-44E8-B6D7-0BDC882F49F1}.Debug|Any CPU.ActiveCfg = Debug|Any CPU
		{3871423D-7F5F-44E8-B6D7-0BDC882F49F1}.Debug|Any CPU.Build.0 = Debug|Any CPU
		{3871423D-7F5F-44E8-B6D7-0BDC882F49F1}.Release|Any CPU.ActiveCfg = Release|Any CPU
		{3871423D-7F5F-44E8-B6D7-0BDC882F49F1}.Release|Any CPU.Build.0 = Release|Any CPU
		{7E0AC318-2A8D-4EF3-A877-6591F7D75546}.Debug|Any CPU.ActiveCfg = Debug|Any CPU
		{7E0AC318-2A8D-4EF3-A877-6591F7D75546}.Debug|Any CPU.Build.0 = Debug|Any CPU
		{7E0AC318-2A8D-4EF3-A877-6591F7D75546}.Release|Any CPU.ActiveCfg = Release|Any CPU
		{7E0AC318-2A8D-4EF3-A877-6591F7D75546}.Release|Any CPU.Build.0 = Release|Any CPU
		{D47CA73B-07F7-446D-AF2B-2B396F107061}.Debug|Any CPU.ActiveCfg = Debug|Any CPU
		{D47CA73B-07F7-446D-AF2B-2B396F107061}.Debug|Any CPU.Build.0 = Debug|Any CPU
		{D47CA73B-07F7-446D-AF2B-2B396F107061}.Release|Any CPU.ActiveCfg = Release|Any CPU
		{D47CA73B-07F7-446D-AF2B-2B396F107061}.Release|Any CPU.Build.0 = Release|Any CPU
		{4FE7261B-2F9A-44E4-B39C-20300528081F}.Debug|Any CPU.ActiveCfg = Debug|Any CPU
		{4FE7261B-2F9A-44E4-B39C-20300528081F}.Debug|Any CPU.Build.0 = Debug|Any CPU
		{4FE7261B-2F9A-44E4-B39C-20300528081F}.Release|Any CPU.ActiveCfg = Release|Any CPU
		{4FE7261B-2F9A-44E4-B39C-20300528081F}.Release|Any CPU.Build.0 = Release|Any CPU
		{81C364D5-4088-4AC5-9D8C-BEEA8607C118}.Debug|Any CPU.ActiveCfg = Debug|Any CPU
		{81C364D5-4088-4AC5-9D8C-BEEA8607C118}.Debug|Any CPU.Build.0 = Debug|Any CPU
		{81C364D5-4088-4AC5-9D8C-BEEA8607C118}.Release|Any CPU.ActiveCfg = Release|Any CPU
		{81C364D5-4088-4AC5-9D8C-BEEA8607C118}.Release|Any CPU.Build.0 = Release|Any CPU
		{D060948D-A0C4-4B6F-8433-71654D4E75B2}.Debug|Any CPU.ActiveCfg = Debug|Any CPU
		{D060948D-A0C4-4B6F-8433-71654D4E75B2}.Debug|Any CPU.Build.0 = Debug|Any CPU
		{D060948D-A0C4-4B6F-8433-71654D4E75B2}.Release|Any CPU.ActiveCfg = Release|Any CPU
		{D060948D-A0C4-4B6F-8433-71654D4E75B2}.Release|Any CPU.Build.0 = Release|Any CPU
	EndGlobalSection
	GlobalSection(SolutionProperties) = preSolution
		HideSolutionNode = FALSE
	EndGlobalSection
	GlobalSection(ExtensibilityGlobals) = postSolution
		SolutionGuid = {3E9FAA2F-9A86-4941-B5FC-5E43F231CB2C}
	EndGlobalSection
EndGlobal
